// !$*UTF8*$!
{
	archiveVersion = 1;
	classes = {
	};
	objectVersion = 55;
	objects = {

/* Begin PBXBuildFile section */
		711221D727B10E540044369D /* ProfileCell.swift in Sources */ = {isa = PBXBuildFile; fileRef = 711221D627B10E540044369D /* ProfileCell.swift */; };
		711221D927B10E840044369D /* ProfileHeader.swift in Sources */ = {isa = PBXBuildFile; fileRef = 711221D827B10E840044369D /* ProfileHeader.swift */; };
		711A1D2B279A62E600E65B73 /* AppDelegate.swift in Sources */ = {isa = PBXBuildFile; fileRef = 711A1D2A279A62E600E65B73 /* AppDelegate.swift */; };
		711A1D2D279A62E600E65B73 /* SceneDelegate.swift in Sources */ = {isa = PBXBuildFile; fileRef = 711A1D2C279A62E600E65B73 /* SceneDelegate.swift */; };
		711A1D32279A62E600E65B73 /* Main.storyboard in Resources */ = {isa = PBXBuildFile; fileRef = 711A1D30279A62E600E65B73 /* Main.storyboard */; };
		711A1D34279A62E700E65B73 /* Assets.xcassets in Resources */ = {isa = PBXBuildFile; fileRef = 711A1D33279A62E700E65B73 /* Assets.xcassets */; };
		711A1D37279A62E700E65B73 /* LaunchScreen.storyboard in Resources */ = {isa = PBXBuildFile; fileRef = 711A1D35279A62E700E65B73 /* LaunchScreen.storyboard */; };
		711A1D48279A650A00E65B73 /* MainTabController.swift in Sources */ = {isa = PBXBuildFile; fileRef = 711A1D47279A650A00E65B73 /* MainTabController.swift */; };
		714FA26327A1700200EA8B3A /* CustomTextField.swift in Sources */ = {isa = PBXBuildFile; fileRef = 714FA26227A1700200EA8B3A /* CustomTextField.swift */; };
		717D9F7927A3B45100AC9CCA /* GoogleService-Info.plist in Resources */ = {isa = PBXBuildFile; fileRef = 717D9F7827A3B45100AC9CCA /* GoogleService-Info.plist */; };
		717D9F7B27A3B97E00AC9CCA /* ImageUploader.swift in Sources */ = {isa = PBXBuildFile; fileRef = 717D9F7A27A3B97E00AC9CCA /* ImageUploader.swift */; };
		717D9F7D27A3B98E00AC9CCA /* AuthService.swift in Sources */ = {isa = PBXBuildFile; fileRef = 717D9F7C27A3B98E00AC9CCA /* AuthService.swift */; };
		718F1B4E279D2F7F0035DF99 /* FeedCell.swift in Sources */ = {isa = PBXBuildFile; fileRef = 718F1B4D279D2F7F0035DF99 /* FeedCell.swift */; };
		718F1B50279D38280035DF99 /* Extensions.swift in Sources */ = {isa = PBXBuildFile; fileRef = 718F1B4F279D38280035DF99 /* Extensions.swift */; };
		718FCD7E27A27A26009E9A5E /* AuthViewModel.swift in Sources */ = {isa = PBXBuildFile; fileRef = 718FCD7D27A27A26009E9A5E /* AuthViewModel.swift */; };
		71E6712027A00BFF00ACF2E0 /* LoginController.swift in Sources */ = {isa = PBXBuildFile; fileRef = 71E6711F27A00BFF00ACF2E0 /* LoginController.swift */; };
		71E6712227A00C0900ACF2E0 /* RegisterController.swift in Sources */ = {isa = PBXBuildFile; fileRef = 71E6712127A00C0900ACF2E0 /* RegisterController.swift */; };
		71EF8085279A7E1E00EA79E4 /* FeedController.swift in Sources */ = {isa = PBXBuildFile; fileRef = 71EF8084279A7E1E00EA79E4 /* FeedController.swift */; };
		71EF8087279A7E3000EA79E4 /* ImageSelectorController.swift in Sources */ = {isa = PBXBuildFile; fileRef = 71EF8086279A7E3000EA79E4 /* ImageSelectorController.swift */; };
		71EF8089279A7E3C00EA79E4 /* SearchController.swift in Sources */ = {isa = PBXBuildFile; fileRef = 71EF8088279A7E3C00EA79E4 /* SearchController.swift */; };
		71EF808B279A7E5B00EA79E4 /* NotificationController.swift in Sources */ = {isa = PBXBuildFile; fileRef = 71EF808A279A7E5B00EA79E4 /* NotificationController.swift */; };
		71EF808D279A7E7200EA79E4 /* ProfileController.swift in Sources */ = {isa = PBXBuildFile; fileRef = 71EF808C279A7E7200EA79E4 /* ProfileController.swift */; };
		98917A4720EFDC0DFE243192 /* Pods_Instargram.framework in Frameworks */ = {isa = PBXBuildFile; fileRef = 7FA56F3B158080C29624195A /* Pods_Instargram.framework */; };
/* End PBXBuildFile section */

/* Begin PBXFileReference section */
		3DF38E3556F4FFB2A68E7D13 /* Pods-Instargram.release.xcconfig */ = {isa = PBXFileReference; includeInIndex = 1; lastKnownFileType = text.xcconfig; name = "Pods-Instargram.release.xcconfig"; path = "Target Support Files/Pods-Instargram/Pods-Instargram.release.xcconfig"; sourceTree = "<group>"; };
		711221D627B10E540044369D /* ProfileCell.swift */ = {isa = PBXFileReference; lastKnownFileType = sourcecode.swift; path = ProfileCell.swift; sourceTree = "<group>"; };
		711221D827B10E840044369D /* ProfileHeader.swift */ = {isa = PBXFileReference; lastKnownFileType = sourcecode.swift; path = ProfileHeader.swift; sourceTree = "<group>"; };
		711A1D27279A62E600E65B73 /* Instargram.app */ = {isa = PBXFileReference; explicitFileType = wrapper.application; includeInIndex = 0; path = Instargram.app; sourceTree = BUILT_PRODUCTS_DIR; };
		711A1D2A279A62E600E65B73 /* AppDelegate.swift */ = {isa = PBXFileReference; lastKnownFileType = sourcecode.swift; path = AppDelegate.swift; sourceTree = "<group>"; };
		711A1D2C279A62E600E65B73 /* SceneDelegate.swift */ = {isa = PBXFileReference; lastKnownFileType = sourcecode.swift; path = SceneDelegate.swift; sourceTree = "<group>"; };
		711A1D31279A62E600E65B73 /* Base */ = {isa = PBXFileReference; lastKnownFileType = file.storyboard; name = Base; path = Base.lproj/Main.storyboard; sourceTree = "<group>"; };
		711A1D33279A62E700E65B73 /* Assets.xcassets */ = {isa = PBXFileReference; lastKnownFileType = folder.assetcatalog; path = Assets.xcassets; sourceTree = "<group>"; };
		711A1D36279A62E700E65B73 /* Base */ = {isa = PBXFileReference; lastKnownFileType = file.storyboard; name = Base; path = Base.lproj/LaunchScreen.storyboard; sourceTree = "<group>"; };
		711A1D38279A62E700E65B73 /* Info.plist */ = {isa = PBXFileReference; lastKnownFileType = text.plist.xml; path = Info.plist; sourceTree = "<group>"; };
		711A1D47279A650A00E65B73 /* MainTabController.swift */ = {isa = PBXFileReference; lastKnownFileType = sourcecode.swift; path = MainTabController.swift; sourceTree = "<group>"; };
		714FA26227A1700200EA8B3A /* CustomTextField.swift */ = {isa = PBXFileReference; lastKnownFileType = sourcecode.swift; path = CustomTextField.swift; sourceTree = "<group>"; };
		717D9F7827A3B45100AC9CCA /* GoogleService-Info.plist */ = {isa = PBXFileReference; fileEncoding = 4; lastKnownFileType = text.plist.xml; path = "GoogleService-Info.plist"; sourceTree = "<group>"; };
		717D9F7A27A3B97E00AC9CCA /* ImageUploader.swift */ = {isa = PBXFileReference; lastKnownFileType = sourcecode.swift; path = ImageUploader.swift; sourceTree = "<group>"; };
		717D9F7C27A3B98E00AC9CCA /* AuthService.swift */ = {isa = PBXFileReference; lastKnownFileType = sourcecode.swift; path = AuthService.swift; sourceTree = "<group>"; };
		718F1B4D279D2F7F0035DF99 /* FeedCell.swift */ = {isa = PBXFileReference; lastKnownFileType = sourcecode.swift; path = FeedCell.swift; sourceTree = "<group>"; };
		718F1B4F279D38280035DF99 /* Extensions.swift */ = {isa = PBXFileReference; lastKnownFileType = sourcecode.swift; path = Extensions.swift; sourceTree = "<group>"; };
		718FCD7D27A27A26009E9A5E /* AuthViewModel.swift */ = {isa = PBXFileReference; lastKnownFileType = sourcecode.swift; path = AuthViewModel.swift; sourceTree = "<group>"; };
		71E6711F27A00BFF00ACF2E0 /* LoginController.swift */ = {isa = PBXFileReference; lastKnownFileType = sourcecode.swift; path = LoginController.swift; sourceTree = "<group>"; };
		71E6712127A00C0900ACF2E0 /* RegisterController.swift */ = {isa = PBXFileReference; lastKnownFileType = sourcecode.swift; path = RegisterController.swift; sourceTree = "<group>"; };
		71EF8084279A7E1E00EA79E4 /* FeedController.swift */ = {isa = PBXFileReference; lastKnownFileType = sourcecode.swift; path = FeedController.swift; sourceTree = "<group>"; };
		71EF8086279A7E3000EA79E4 /* ImageSelectorController.swift */ = {isa = PBXFileReference; lastKnownFileType = sourcecode.swift; path = ImageSelectorController.swift; sourceTree = "<group>"; };
		71EF8088279A7E3C00EA79E4 /* SearchController.swift */ = {isa = PBXFileReference; lastKnownFileType = sourcecode.swift; path = SearchController.swift; sourceTree = "<group>"; };
		71EF808A279A7E5B00EA79E4 /* NotificationController.swift */ = {isa = PBXFileReference; lastKnownFileType = sourcecode.swift; path = NotificationController.swift; sourceTree = "<group>"; };
		71EF808C279A7E7200EA79E4 /* ProfileController.swift */ = {isa = PBXFileReference; lastKnownFileType = sourcecode.swift; path = ProfileController.swift; sourceTree = "<group>"; };
		7FA56F3B158080C29624195A /* Pods_Instargram.framework */ = {isa = PBXFileReference; explicitFileType = wrapper.framework; includeInIndex = 0; path = Pods_Instargram.framework; sourceTree = BUILT_PRODUCTS_DIR; };
		8255E0B285C1CFD78FBA3D72 /* Pods-Instargram.debug.xcconfig */ = {isa = PBXFileReference; includeInIndex = 1; lastKnownFileType = text.xcconfig; name = "Pods-Instargram.debug.xcconfig"; path = "Target Support Files/Pods-Instargram/Pods-Instargram.debug.xcconfig"; sourceTree = "<group>"; };
/* End PBXFileReference section */

/* Begin PBXFrameworksBuildPhase section */
		711A1D24279A62E600E65B73 /* Frameworks */ = {
			isa = PBXFrameworksBuildPhase;
			buildActionMask = 2147483647;
			files = (
				98917A4720EFDC0DFE243192 /* Pods_Instargram.framework in Frameworks */,
			);
			runOnlyForDeploymentPostprocessing = 0;
		};
/* End PBXFrameworksBuildPhase section */

/* Begin PBXGroup section */
		711221DA27B10E9B0044369D /* Profile */ = {
			isa = PBXGroup;
			children = (
				711221D627B10E540044369D /* ProfileCell.swift */,
				711221D827B10E840044369D /* ProfileHeader.swift */,
			);
			path = Profile;
			sourceTree = "<group>";
		};
		711A1D1E279A62E600E65B73 = {
			isa = PBXGroup;
			children = (
				711A1D29279A62E600E65B73 /* Instargram */,
				711A1D28279A62E600E65B73 /* Products */,
				CEB72C5055C89CC97FFB5B4B /* Pods */,
				F971E024FA1A633E621015FC /* Frameworks */,
			);
			sourceTree = "<group>";
		};
		711A1D28279A62E600E65B73 /* Products */ = {
			isa = PBXGroup;
			children = (
				711A1D27279A62E600E65B73 /* Instargram.app */,
			);
			name = Products;
			sourceTree = "<group>";
		};
		711A1D29279A62E600E65B73 /* Instargram */ = {
			isa = PBXGroup;
			children = (
				717D9F7827A3B45100AC9CCA /* GoogleService-Info.plist */,
				711A1D44279A63DE00E65B73 /* Utils */,
				711A1D42279A635F00E65B73 /* API */,
				711A1D41279A635C00E65B73 /* ViewModel */,
				711A1D40279A632200E65B73 /* Controller */,
				711A1D3F279A631E00E65B73 /* View */,
				711A1D3E279A631600E65B73 /* Model */,
				711A1D2A279A62E600E65B73 /* AppDelegate.swift */,
				711A1D2C279A62E600E65B73 /* SceneDelegate.swift */,
				711A1D30279A62E600E65B73 /* Main.storyboard */,
				711A1D33279A62E700E65B73 /* Assets.xcassets */,
				711A1D35279A62E700E65B73 /* LaunchScreen.storyboard */,
				711A1D38279A62E700E65B73 /* Info.plist */,
			);
			path = Instargram;
			sourceTree = "<group>";
		};
		711A1D3E279A631600E65B73 /* Model */ = {
			isa = PBXGroup;
			children = (
			);
			path = Model;
			sourceTree = "<group>";
		};
		711A1D3F279A631E00E65B73 /* View */ = {
			isa = PBXGroup;
			children = (
				711221DA27B10E9B0044369D /* Profile */,
				718F1B4D279D2F7F0035DF99 /* FeedCell.swift */,
				714FA26227A1700200EA8B3A /* CustomTextField.swift */,
			);
			path = View;
			sourceTree = "<group>";
		};
		711A1D40279A632200E65B73 /* Controller */ = {
			isa = PBXGroup;
			children = (
				71E6711E27A00BEF00ACF2E0 /* Auth */,
				711A1D47279A650A00E65B73 /* MainTabController.swift */,
				71EF8084279A7E1E00EA79E4 /* FeedController.swift */,
				71EF8086279A7E3000EA79E4 /* ImageSelectorController.swift */,
				71EF8088279A7E3C00EA79E4 /* SearchController.swift */,
				71EF808A279A7E5B00EA79E4 /* NotificationController.swift */,
				71EF808C279A7E7200EA79E4 /* ProfileController.swift */,
			);
			path = Controller;
			sourceTree = "<group>";
		};
		711A1D41279A635C00E65B73 /* ViewModel */ = {
			isa = PBXGroup;
			children = (
				718FCD7D27A27A26009E9A5E /* AuthViewModel.swift */,
			);
			path = ViewModel;
			sourceTree = "<group>";
		};
		711A1D42279A635F00E65B73 /* API */ = {
			isa = PBXGroup;
			children = (
				717D9F7A27A3B97E00AC9CCA /* ImageUploader.swift */,
				717D9F7C27A3B98E00AC9CCA /* AuthService.swift */,
			);
			path = API;
			sourceTree = "<group>";
		};
		711A1D44279A63DE00E65B73 /* Utils */ = {
			isa = PBXGroup;
			children = (
				718F1B4F279D38280035DF99 /* Extensions.swift */,
			);
			path = Utils;
			sourceTree = "<group>";
		};
		71E6711E27A00BEF00ACF2E0 /* Auth */ = {
			isa = PBXGroup;
			children = (
				71E6711F27A00BFF00ACF2E0 /* LoginController.swift */,
				71E6712127A00C0900ACF2E0 /* RegisterController.swift */,
			);
			path = Auth;
			sourceTree = "<group>";
		};
		CEB72C5055C89CC97FFB5B4B /* Pods */ = {
			isa = PBXGroup;
			children = (
				8255E0B285C1CFD78FBA3D72 /* Pods-Instargram.debug.xcconfig */,
				3DF38E3556F4FFB2A68E7D13 /* Pods-Instargram.release.xcconfig */,
			);
			path = Pods;
			sourceTree = "<group>";
		};
		F971E024FA1A633E621015FC /* Frameworks */ = {
			isa = PBXGroup;
			children = (
				7FA56F3B158080C29624195A /* Pods_Instargram.framework */,
			);
			name = Frameworks;
			sourceTree = "<group>";
		};
/* End PBXGroup section */

/* Begin PBXNativeTarget section */
		711A1D26279A62E600E65B73 /* Instargram */ = {
			isa = PBXNativeTarget;
			buildConfigurationList = 711A1D3B279A62E700E65B73 /* Build configuration list for PBXNativeTarget "Instargram" */;
			buildPhases = (
				FE17D708527461E18E58D5D5 /* [CP] Check Pods Manifest.lock */,
				711A1D23279A62E600E65B73 /* Sources */,
				711A1D24279A62E600E65B73 /* Frameworks */,
				711A1D25279A62E600E65B73 /* Resources */,
				96CCE58F3087B9C315C18B98 /* [CP] Embed Pods Frameworks */,
			);
			buildRules = (
			);
			dependencies = (
			);
			name = Instargram;
			productName = Instargram;
			productReference = 711A1D27279A62E600E65B73 /* Instargram.app */;
			productType = "com.apple.product-type.application";
		};
/* End PBXNativeTarget section */

/* Begin PBXProject section */
		711A1D1F279A62E600E65B73 /* Project object */ = {
			isa = PBXProject;
			attributes = {
				BuildIndependentTargetsInParallel = 1;
				LastSwiftUpdateCheck = 1320;
				LastUpgradeCheck = 1320;
				TargetAttributes = {
					711A1D26279A62E600E65B73 = {
						CreatedOnToolsVersion = 13.2.1;
					};
				};
			};
			buildConfigurationList = 711A1D22279A62E600E65B73 /* Build configuration list for PBXProject "Instargram" */;
			compatibilityVersion = "Xcode 13.0";
			developmentRegion = en;
			hasScannedForEncodings = 0;
			knownRegions = (
				en,
				Base,
			);
			mainGroup = 711A1D1E279A62E600E65B73;
			productRefGroup = 711A1D28279A62E600E65B73 /* Products */;
			projectDirPath = "";
			projectRoot = "";
			targets = (
				711A1D26279A62E600E65B73 /* Instargram */,
			);
		};
/* End PBXProject section */

/* Begin PBXResourcesBuildPhase section */
		711A1D25279A62E600E65B73 /* Resources */ = {
			isa = PBXResourcesBuildPhase;
			buildActionMask = 2147483647;
			files = (
				711A1D37279A62E700E65B73 /* LaunchScreen.storyboard in Resources */,
				717D9F7927A3B45100AC9CCA /* GoogleService-Info.plist in Resources */,
				711A1D34279A62E700E65B73 /* Assets.xcassets in Resources */,
				711A1D32279A62E600E65B73 /* Main.storyboard in Resources */,
			);
			runOnlyForDeploymentPostprocessing = 0;
		};
/* End PBXResourcesBuildPhase section */

/* Begin PBXShellScriptBuildPhase section */
		96CCE58F3087B9C315C18B98 /* [CP] Embed Pods Frameworks */ = {
			isa = PBXShellScriptBuildPhase;
			buildActionMask = 2147483647;
			files = (
			);
			inputFileListPaths = (
				"${PODS_ROOT}/Target Support Files/Pods-Instargram/Pods-Instargram-frameworks-${CONFIGURATION}-input-files.xcfilelist",
			);
			name = "[CP] Embed Pods Frameworks";
			outputFileListPaths = (
				"${PODS_ROOT}/Target Support Files/Pods-Instargram/Pods-Instargram-frameworks-${CONFIGURATION}-output-files.xcfilelist",
			);
			runOnlyForDeploymentPostprocessing = 0;
			shellPath = /bin/sh;
			shellScript = "\"${PODS_ROOT}/Target Support Files/Pods-Instargram/Pods-Instargram-frameworks.sh\"\n";
			showEnvVarsInLog = 0;
		};
		FE17D708527461E18E58D5D5 /* [CP] Check Pods Manifest.lock */ = {
			isa = PBXShellScriptBuildPhase;
			buildActionMask = 2147483647;
			files = (
			);
			inputFileListPaths = (
			);
			inputPaths = (
				"${PODS_PODFILE_DIR_PATH}/Podfile.lock",
				"${PODS_ROOT}/Manifest.lock",
			);
			name = "[CP] Check Pods Manifest.lock";
			outputFileListPaths = (
			);
			outputPaths = (
				"$(DERIVED_FILE_DIR)/Pods-Instargram-checkManifestLockResult.txt",
			);
			runOnlyForDeploymentPostprocessing = 0;
			shellPath = /bin/sh;
			shellScript = "diff \"${PODS_PODFILE_DIR_PATH}/Podfile.lock\" \"${PODS_ROOT}/Manifest.lock\" > /dev/null\nif [ $? != 0 ] ; then\n    # print error to STDERR\n    echo \"error: The sandbox is not in sync with the Podfile.lock. Run 'pod install' or update your CocoaPods installation.\" >&2\n    exit 1\nfi\n# This output is used by Xcode 'outputs' to avoid re-running this script phase.\necho \"SUCCESS\" > \"${SCRIPT_OUTPUT_FILE_0}\"\n";
			showEnvVarsInLog = 0;
		};
/* End PBXShellScriptBuildPhase section */

/* Begin PBXSourcesBuildPhase section */
		711A1D23279A62E600E65B73 /* Sources */ = {
			isa = PBXSourcesBuildPhase;
			buildActionMask = 2147483647;
			files = (
				711221D727B10E540044369D /* ProfileCell.swift in Sources */,
				714FA26327A1700200EA8B3A /* CustomTextField.swift in Sources */,
				71E6712027A00BFF00ACF2E0 /* LoginController.swift in Sources */,
				717D9F7B27A3B97E00AC9CCA /* ImageUploader.swift in Sources */,
				711A1D2B279A62E600E65B73 /* AppDelegate.swift in Sources */,
				71EF8089279A7E3C00EA79E4 /* SearchController.swift in Sources */,
				711A1D48279A650A00E65B73 /* MainTabController.swift in Sources */,
				71EF808B279A7E5B00EA79E4 /* NotificationController.swift in Sources */,
				711221D927B10E840044369D /* ProfileHeader.swift in Sources */,
				711A1D2D279A62E600E65B73 /* SceneDelegate.swift in Sources */,
				718F1B50279D38280035DF99 /* Extensions.swift in Sources */,
				71EF8085279A7E1E00EA79E4 /* FeedController.swift in Sources */,
				71E6712227A00C0900ACF2E0 /* RegisterController.swift in Sources */,
				718FCD7E27A27A26009E9A5E /* AuthViewModel.swift in Sources */,
				71EF8087279A7E3000EA79E4 /* ImageSelectorController.swift in Sources */,
				71EF808D279A7E7200EA79E4 /* ProfileController.swift in Sources */,
				718F1B4E279D2F7F0035DF99 /* FeedCell.swift in Sources */,
				717D9F7D27A3B98E00AC9CCA /* AuthService.swift in Sources */,
			);
			runOnlyForDeploymentPostprocessing = 0;
		};
/* End PBXSourcesBuildPhase section */

/* Begin PBXVariantGroup section */
		711A1D30279A62E600E65B73 /* Main.storyboard */ = {
			isa = PBXVariantGroup;
			children = (
				711A1D31279A62E600E65B73 /* Base */,
			);
			name = Main.storyboard;
			sourceTree = "<group>";
		};
		711A1D35279A62E700E65B73 /* LaunchScreen.storyboard */ = {
			isa = PBXVariantGroup;
			children = (
				711A1D36279A62E700E65B73 /* Base */,
			);
			name = LaunchScreen.storyboard;
			sourceTree = "<group>";
		};
/* End PBXVariantGroup section */

/* Begin XCBuildConfiguration section */
		711A1D39279A62E700E65B73 /* Debug */ = {
			isa = XCBuildConfiguration;
			buildSettings = {
				ALWAYS_SEARCH_USER_PATHS = NO;
				CLANG_ANALYZER_NONNULL = YES;
				CLANG_ANALYZER_NUMBER_OBJECT_CONVERSION = YES_AGGRESSIVE;
				CLANG_CXX_LANGUAGE_STANDARD = "gnu++17";
				CLANG_CXX_LIBRARY = "libc++";
				CLANG_ENABLE_MODULES = YES;
				CLANG_ENABLE_OBJC_ARC = YES;
				CLANG_ENABLE_OBJC_WEAK = YES;
				CLANG_WARN_BLOCK_CAPTURE_AUTORELEASING = YES;
				CLANG_WARN_BOOL_CONVERSION = YES;
				CLANG_WARN_COMMA = YES;
				CLANG_WARN_CONSTANT_CONVERSION = YES;
				CLANG_WARN_DEPRECATED_OBJC_IMPLEMENTATIONS = YES;
				CLANG_WARN_DIRECT_OBJC_ISA_USAGE = YES_ERROR;
				CLANG_WARN_DOCUMENTATION_COMMENTS = YES;
				CLANG_WARN_EMPTY_BODY = YES;
				CLANG_WARN_ENUM_CONVERSION = YES;
				CLANG_WARN_INFINITE_RECURSION = YES;
				CLANG_WARN_INT_CONVERSION = YES;
				CLANG_WARN_NON_LITERAL_NULL_CONVERSION = YES;
				CLANG_WARN_OBJC_IMPLICIT_RETAIN_SELF = YES;
				CLANG_WARN_OBJC_LITERAL_CONVERSION = YES;
				CLANG_WARN_OBJC_ROOT_CLASS = YES_ERROR;
				CLANG_WARN_QUOTED_INCLUDE_IN_FRAMEWORK_HEADER = YES;
				CLANG_WARN_RANGE_LOOP_ANALYSIS = YES;
				CLANG_WARN_STRICT_PROTOTYPES = YES;
				CLANG_WARN_SUSPICIOUS_MOVE = YES;
				CLANG_WARN_UNGUARDED_AVAILABILITY = YES_AGGRESSIVE;
				CLANG_WARN_UNREACHABLE_CODE = YES;
				CLANG_WARN__DUPLICATE_METHOD_MATCH = YES;
				COPY_PHASE_STRIP = NO;
				DEBUG_INFORMATION_FORMAT = dwarf;
				ENABLE_STRICT_OBJC_MSGSEND = YES;
				ENABLE_TESTABILITY = YES;
				GCC_C_LANGUAGE_STANDARD = gnu11;
				GCC_DYNAMIC_NO_PIC = NO;
				GCC_NO_COMMON_BLOCKS = YES;
				GCC_OPTIMIZATION_LEVEL = 0;
				GCC_PREPROCESSOR_DEFINITIONS = (
					"DEBUG=1",
					"$(inherited)",
				);
				GCC_WARN_64_TO_32_BIT_CONVERSION = YES;
				GCC_WARN_ABOUT_RETURN_TYPE = YES_ERROR;
				GCC_WARN_UNDECLARED_SELECTOR = YES;
				GCC_WARN_UNINITIALIZED_AUTOS = YES_AGGRESSIVE;
				GCC_WARN_UNUSED_FUNCTION = YES;
				GCC_WARN_UNUSED_VARIABLE = YES;
				IPHONEOS_DEPLOYMENT_TARGET = 15.2;
				MTL_ENABLE_DEBUG_INFO = INCLUDE_SOURCE;
				MTL_FAST_MATH = YES;
				ONLY_ACTIVE_ARCH = YES;
				SDKROOT = iphoneos;
				SWIFT_ACTIVE_COMPILATION_CONDITIONS = DEBUG;
				SWIFT_OPTIMIZATION_LEVEL = "-Onone";
			};
			name = Debug;
		};
		711A1D3A279A62E700E65B73 /* Release */ = {
			isa = XCBuildConfiguration;
			buildSettings = {
				ALWAYS_SEARCH_USER_PATHS = NO;
				CLANG_ANALYZER_NONNULL = YES;
				CLANG_ANALYZER_NUMBER_OBJECT_CONVERSION = YES_AGGRESSIVE;
				CLANG_CXX_LANGUAGE_STANDARD = "gnu++17";
				CLANG_CXX_LIBRARY = "libc++";
				CLANG_ENABLE_MODULES = YES;
				CLANG_ENABLE_OBJC_ARC = YES;
				CLANG_ENABLE_OBJC_WEAK = YES;
				CLANG_WARN_BLOCK_CAPTURE_AUTORELEASING = YES;
				CLANG_WARN_BOOL_CONVERSION = YES;
				CLANG_WARN_COMMA = YES;
				CLANG_WARN_CONSTANT_CONVERSION = YES;
				CLANG_WARN_DEPRECATED_OBJC_IMPLEMENTATIONS = YES;
				CLANG_WARN_DIRECT_OBJC_ISA_USAGE = YES_ERROR;
				CLANG_WARN_DOCUMENTATION_COMMENTS = YES;
				CLANG_WARN_EMPTY_BODY = YES;
				CLANG_WARN_ENUM_CONVERSION = YES;
				CLANG_WARN_INFINITE_RECURSION = YES;
				CLANG_WARN_INT_CONVERSION = YES;
				CLANG_WARN_NON_LITERAL_NULL_CONVERSION = YES;
				CLANG_WARN_OBJC_IMPLICIT_RETAIN_SELF = YES;
				CLANG_WARN_OBJC_LITERAL_CONVERSION = YES;
				CLANG_WARN_OBJC_ROOT_CLASS = YES_ERROR;
				CLANG_WARN_QUOTED_INCLUDE_IN_FRAMEWORK_HEADER = YES;
				CLANG_WARN_RANGE_LOOP_ANALYSIS = YES;
				CLANG_WARN_STRICT_PROTOTYPES = YES;
				CLANG_WARN_SUSPICIOUS_MOVE = YES;
				CLANG_WARN_UNGUARDED_AVAILABILITY = YES_AGGRESSIVE;
				CLANG_WARN_UNREACHABLE_CODE = YES;
				CLANG_WARN__DUPLICATE_METHOD_MATCH = YES;
				COPY_PHASE_STRIP = NO;
				DEBUG_INFORMATION_FORMAT = "dwarf-with-dsym";
				ENABLE_NS_ASSERTIONS = NO;
				ENABLE_STRICT_OBJC_MSGSEND = YES;
				GCC_C_LANGUAGE_STANDARD = gnu11;
				GCC_NO_COMMON_BLOCKS = YES;
				GCC_WARN_64_TO_32_BIT_CONVERSION = YES;
				GCC_WARN_ABOUT_RETURN_TYPE = YES_ERROR;
				GCC_WARN_UNDECLARED_SELECTOR = YES;
				GCC_WARN_UNINITIALIZED_AUTOS = YES_AGGRESSIVE;
				GCC_WARN_UNUSED_FUNCTION = YES;
				GCC_WARN_UNUSED_VARIABLE = YES;
				IPHONEOS_DEPLOYMENT_TARGET = 15.2;
				MTL_ENABLE_DEBUG_INFO = NO;
				MTL_FAST_MATH = YES;
				SDKROOT = iphoneos;
				SWIFT_COMPILATION_MODE = wholemodule;
				SWIFT_OPTIMIZATION_LEVEL = "-O";
				VALIDATE_PRODUCT = YES;
			};
			name = Release;
		};
		711A1D3C279A62E700E65B73 /* Debug */ = {
			isa = XCBuildConfiguration;
			baseConfigurationReference = 8255E0B285C1CFD78FBA3D72 /* Pods-Instargram.debug.xcconfig */;
			buildSettings = {
				ASSETCATALOG_COMPILER_APPICON_NAME = AppIcon;
				ASSETCATALOG_COMPILER_GLOBAL_ACCENT_COLOR_NAME = AccentColor;
				CODE_SIGN_STYLE = Automatic;
				CURRENT_PROJECT_VERSION = 1;
				GENERATE_INFOPLIST_FILE = YES;
				INFOPLIST_FILE = Instargram/Info.plist;
				INFOPLIST_KEY_UIApplicationSupportsIndirectInputEvents = YES;
				INFOPLIST_KEY_UILaunchStoryboardName = LaunchScreen;
				INFOPLIST_KEY_UIMainStoryboardFile = Main;
				INFOPLIST_KEY_UISupportedInterfaceOrientations_iPad = "UIInterfaceOrientationPortrait UIInterfaceOrientationPortraitUpsideDown UIInterfaceOrientationLandscapeLeft UIInterfaceOrientationLandscapeRight";
				INFOPLIST_KEY_UISupportedInterfaceOrientations_iPhone = "UIInterfaceOrientationPortrait UIInterfaceOrientationLandscapeLeft UIInterfaceOrientationLandscapeRight";
				LD_RUNPATH_SEARCH_PATHS = (
					"$(inherited)",
					"@executable_path/Frameworks",
				);
				MARKETING_VERSION = 1.0;
				PRODUCT_BUNDLE_IDENTIFIER = com.whk1140.Instargram;
				PRODUCT_NAME = "$(TARGET_NAME)";
				SWIFT_EMIT_LOC_STRINGS = YES;
				SWIFT_VERSION = 5.0;
				TARGETED_DEVICE_FAMILY = "1,2";
			};
			name = Debug;
		};
		711A1D3D279A62E700E65B73 /* Release */ = {
			isa = XCBuildConfiguration;
			baseConfigurationReference = 3DF38E3556F4FFB2A68E7D13 /* Pods-Instargram.release.xcconfig */;
			buildSettings = {
				ASSETCATALOG_COMPILER_APPICON_NAME = AppIcon;
				ASSETCATALOG_COMPILER_GLOBAL_ACCENT_COLOR_NAME = AccentColor;
				CODE_SIGN_STYLE = Automatic;
				CURRENT_PROJECT_VERSION = 1;
				GENERATE_INFOPLIST_FILE = YES;
				INFOPLIST_FILE = Instargram/Info.plist;
				INFOPLIST_KEY_UIApplicationSupportsIndirectInputEvents = YES;
				INFOPLIST_KEY_UILaunchStoryboardName = LaunchScreen;
				INFOPLIST_KEY_UIMainStoryboardFile = Main;
				INFOPLIST_KEY_UISupportedInterfaceOrientations_iPad = "UIInterfaceOrientationPortrait UIInterfaceOrientationPortraitUpsideDown UIInterfaceOrientationLandscapeLeft UIInterfaceOrientationLandscapeRight";
				INFOPLIST_KEY_UISupportedInterfaceOrientations_iPhone = "UIInterfaceOrientationPortrait UIInterfaceOrientationLandscapeLeft UIInterfaceOrientationLandscapeRight";
				LD_RUNPATH_SEARCH_PATHS = (
					"$(inherited)",
					"@executable_path/Frameworks",
				);
				MARKETING_VERSION = 1.0;
				PRODUCT_BUNDLE_IDENTIFIER = com.whk1140.Instargram;
				PRODUCT_NAME = "$(TARGET_NAME)";
				SWIFT_EMIT_LOC_STRINGS = YES;
				SWIFT_VERSION = 5.0;
				TARGETED_DEVICE_FAMILY = "1,2";
			};
			name = Release;
		};
/* End XCBuildConfiguration section */

/* Begin XCConfigurationList section */
		711A1D22279A62E600E65B73 /* Build configuration list for PBXProject "Instargram" */ = {
			isa = XCConfigurationList;
			buildConfigurations = (
				711A1D39279A62E700E65B73 /* Debug */,
				711A1D3A279A62E700E65B73 /* Release */,
			);
			defaultConfigurationIsVisible = 0;
			defaultConfigurationName = Release;
		};
		711A1D3B279A62E700E65B73 /* Build configuration list for PBXNativeTarget "Instargram" */ = {
			isa = XCConfigurationList;
			buildConfigurations = (
				711A1D3C279A62E700E65B73 /* Debug */,
				711A1D3D279A62E700E65B73 /* Release */,
			);
			defaultConfigurationIsVisible = 0;
			defaultConfigurationName = Release;
		};
/* End XCConfigurationList section */
	};
	rootObject = 711A1D1F279A62E600E65B73 /* Project object */;
}
