// !$*UTF8*$!
{
	archiveVersion = 1;
	classes = {
	};
	objectVersion = 55;
	objects = {

/* Begin PBXBuildFile section */
		71851EAA274E0F7100F9E6CF /* Extensions.swift in Sources */ = {isa = PBXBuildFile; fileRef = 71851EA9274E0F7100F9E6CF /* Extensions.swift */; };
		71C2598A274B5D40007B6841 /* AppDelegate.swift in Sources */ = {isa = PBXBuildFile; fileRef = 71C25989274B5D40007B6841 /* AppDelegate.swift */; };
		71C2598C274B5D40007B6841 /* SceneDelegate.swift in Sources */ = {isa = PBXBuildFile; fileRef = 71C2598B274B5D40007B6841 /* SceneDelegate.swift */; };
		71C2598E274B5D40007B6841 /* ConversationsViewController.swift in Sources */ = {isa = PBXBuildFile; fileRef = 71C2598D274B5D40007B6841 /* ConversationsViewController.swift */; };
		71C25991274B5D40007B6841 /* Main.storyboard in Resources */ = {isa = PBXBuildFile; fileRef = 71C2598F274B5D40007B6841 /* Main.storyboard */; };
		71C25993274B5D41007B6841 /* Assets.xcassets in Resources */ = {isa = PBXBuildFile; fileRef = 71C25992274B5D41007B6841 /* Assets.xcassets */; };
		71C25996274B5D41007B6841 /* LaunchScreen.storyboard in Resources */ = {isa = PBXBuildFile; fileRef = 71C25994274B5D41007B6841 /* LaunchScreen.storyboard */; };
		71C259A5274B6001007B6841 /* LoginViewController.swift in Sources */ = {isa = PBXBuildFile; fileRef = 71C259A4274B6001007B6841 /* LoginViewController.swift */; };
		71C259A7274B607D007B6841 /* RegisterViewController.swift in Sources */ = {isa = PBXBuildFile; fileRef = 71C259A6274B607D007B6841 /* RegisterViewController.swift */; };
		71C259A9274B60C5007B6841 /* PhotoViewerViewController.swift in Sources */ = {isa = PBXBuildFile; fileRef = 71C259A8274B60C5007B6841 /* PhotoViewerViewController.swift */; };
		71C259AB274B6106007B6841 /* NewConversationViewController.swift in Sources */ = {isa = PBXBuildFile; fileRef = 71C259AA274B6106007B6841 /* NewConversationViewController.swift */; };
		71C259AD274B612B007B6841 /* ProfileViewController.swift in Sources */ = {isa = PBXBuildFile; fileRef = 71C259AC274B612B007B6841 /* ProfileViewController.swift */; };
/* End PBXBuildFile section */

/* Begin PBXFileReference section */
		71851EA9274E0F7100F9E6CF /* Extensions.swift */ = {isa = PBXFileReference; lastKnownFileType = sourcecode.swift; path = Extensions.swift; sourceTree = "<group>"; };
		71C25986274B5D40007B6841 /* Messenger.app */ = {isa = PBXFileReference; explicitFileType = wrapper.application; includeInIndex = 0; path = Messenger.app; sourceTree = BUILT_PRODUCTS_DIR; };
		71C25989274B5D40007B6841 /* AppDelegate.swift */ = {isa = PBXFileReference; lastKnownFileType = sourcecode.swift; path = AppDelegate.swift; sourceTree = "<group>"; };
		71C2598B274B5D40007B6841 /* SceneDelegate.swift */ = {isa = PBXFileReference; lastKnownFileType = sourcecode.swift; path = SceneDelegate.swift; sourceTree = "<group>"; };
		71C2598D274B5D40007B6841 /* ConversationsViewController.swift */ = {isa = PBXFileReference; lastKnownFileType = sourcecode.swift; path = ConversationsViewController.swift; sourceTree = "<group>"; };
		71C25990274B5D40007B6841 /* Base */ = {isa = PBXFileReference; lastKnownFileType = file.storyboard; name = Base; path = Base.lproj/Main.storyboard; sourceTree = "<group>"; };
		71C25992274B5D41007B6841 /* Assets.xcassets */ = {isa = PBXFileReference; lastKnownFileType = folder.assetcatalog; path = Assets.xcassets; sourceTree = "<group>"; };
		71C25995274B5D41007B6841 /* Base */ = {isa = PBXFileReference; lastKnownFileType = file.storyboard; name = Base; path = Base.lproj/LaunchScreen.storyboard; sourceTree = "<group>"; };
		71C25997274B5D41007B6841 /* Info.plist */ = {isa = PBXFileReference; lastKnownFileType = text.plist.xml; path = Info.plist; sourceTree = "<group>"; };
		71C259A4274B6001007B6841 /* LoginViewController.swift */ = {isa = PBXFileReference; lastKnownFileType = sourcecode.swift; path = LoginViewController.swift; sourceTree = "<group>"; };
		71C259A6274B607D007B6841 /* RegisterViewController.swift */ = {isa = PBXFileReference; lastKnownFileType = sourcecode.swift; path = RegisterViewController.swift; sourceTree = "<group>"; };
		71C259A8274B60C5007B6841 /* PhotoViewerViewController.swift */ = {isa = PBXFileReference; lastKnownFileType = sourcecode.swift; path = PhotoViewerViewController.swift; sourceTree = "<group>"; };
		71C259AA274B6106007B6841 /* NewConversationViewController.swift */ = {isa = PBXFileReference; lastKnownFileType = sourcecode.swift; path = NewConversationViewController.swift; sourceTree = "<group>"; };
		71C259AC274B612B007B6841 /* ProfileViewController.swift */ = {isa = PBXFileReference; lastKnownFileType = sourcecode.swift; path = ProfileViewController.swift; sourceTree = "<group>"; };
/* End PBXFileReference section */

/* Begin PBXFrameworksBuildPhase section */
		71C25983274B5D40007B6841 /* Frameworks */ = {
			isa = PBXFrameworksBuildPhase;
			buildActionMask = 2147483647;
			files = (
			);
			runOnlyForDeploymentPostprocessing = 0;
		};
/* End PBXFrameworksBuildPhase section */

/* Begin PBXGroup section */
		71851EA8274E06DF00F9E6CF /* Login */ = {
			isa = PBXGroup;
			children = (
				71C259A4274B6001007B6841 /* LoginViewController.swift */,
				71C259A6274B607D007B6841 /* RegisterViewController.swift */,
			);
			path = Login;
			sourceTree = "<group>";
		};
		71C2597D274B5D40007B6841 = {
			isa = PBXGroup;
			children = (
				71C25988274B5D40007B6841 /* Messenger */,
				71C25987274B5D40007B6841 /* Products */,
			);
			sourceTree = "<group>";
		};
		71C25987274B5D40007B6841 /* Products */ = {
			isa = PBXGroup;
			children = (
				71C25986274B5D40007B6841 /* Messenger.app */,
			);
			name = Products;
			sourceTree = "<group>";
		};
		71C25988274B5D40007B6841 /* Messenger */ = {
			isa = PBXGroup;
			children = (
				71C259A1274B5DE1007B6841 /* Controllers */,
				71C259A0274B5DDA007B6841 /* Views */,
				71C2599F274B5DD0007B6841 /* Models */,
				71C2599E274B5DCA007B6841 /* ViewModels */,
				71C2599D274B5DC1007B6841 /* Resources */,
				71C25997274B5D41007B6841 /* Info.plist */,
			);
			path = Messenger;
			sourceTree = "<group>";
		};
		71C2599D274B5DC1007B6841 /* Resources */ = {
			isa = PBXGroup;
			children = (
				71C25989274B5D40007B6841 /* AppDelegate.swift */,
				71C2598B274B5D40007B6841 /* SceneDelegate.swift */,
				71851EA9274E0F7100F9E6CF /* Extensions.swift */,
			);
			path = Resources;
			sourceTree = "<group>";
		};
		71C2599E274B5DCA007B6841 /* ViewModels */ = {
			isa = PBXGroup;
			children = (
			);
			path = ViewModels;
			sourceTree = "<group>";
		};
		71C2599F274B5DD0007B6841 /* Models */ = {
			isa = PBXGroup;
			children = (
			);
			path = Models;
			sourceTree = "<group>";
		};
		71C259A0274B5DDA007B6841 /* Views */ = {
			isa = PBXGroup;
			children = (
				71C2598F274B5D40007B6841 /* Main.storyboard */,
				71C25992274B5D41007B6841 /* Assets.xcassets */,
				71C25994274B5D41007B6841 /* LaunchScreen.storyboard */,
			);
			path = Views;
			sourceTree = "<group>";
		};
		71C259A1274B5DE1007B6841 /* Controllers */ = {
			isa = PBXGroup;
			children = (
				71851EA8274E06DF00F9E6CF /* Login */,
				71C2598D274B5D40007B6841 /* ConversationsViewController.swift */,
				71C259A8274B60C5007B6841 /* PhotoViewerViewController.swift */,
				71C259AA274B6106007B6841 /* NewConversationViewController.swift */,
				71C259AC274B612B007B6841 /* ProfileViewController.swift */,
			);
			path = Controllers;
			sourceTree = "<group>";
		};
/* End PBXGroup section */

/* Begin PBXNativeTarget section */
		71C25985274B5D40007B6841 /* Messenger */ = {
			isa = PBXNativeTarget;
			buildConfigurationList = 71C2599A274B5D41007B6841 /* Build configuration list for PBXNativeTarget "Messenger" */;
			buildPhases = (
				71C25982274B5D40007B6841 /* Sources */,
				71C25983274B5D40007B6841 /* Frameworks */,
				71C25984274B5D40007B6841 /* Resources */,
			);
			buildRules = (
			);
			dependencies = (
			);
			name = Messenger;
			productName = Messenger;
			productReference = 71C25986274B5D40007B6841 /* Messenger.app */;
			productType = "com.apple.product-type.application";
		};
/* End PBXNativeTarget section */

/* Begin PBXProject section */
		71C2597E274B5D40007B6841 /* Project object */ = {
			isa = PBXProject;
			attributes = {
				BuildIndependentTargetsInParallel = 1;
				LastSwiftUpdateCheck = 1310;
				LastUpgradeCheck = 1310;
				TargetAttributes = {
					71C25985274B5D40007B6841 = {
						CreatedOnToolsVersion = 13.1;
					};
				};
			};
			buildConfigurationList = 71C25981274B5D40007B6841 /* Build configuration list for PBXProject "Messenger" */;
			compatibilityVersion = "Xcode 13.0";
			developmentRegion = en;
			hasScannedForEncodings = 0;
			knownRegions = (
				en,
				Base,
			);
			mainGroup = 71C2597D274B5D40007B6841;
			productRefGroup = 71C25987274B5D40007B6841 /* Products */;
			projectDirPath = "";
			projectRoot = "";
			targets = (
				71C25985274B5D40007B6841 /* Messenger */,
			);
		};
/* End PBXProject section */

/* Begin PBXResourcesBuildPhase section */
		71C25984274B5D40007B6841 /* Resources */ = {
			isa = PBXResourcesBuildPhase;
			buildActionMask = 2147483647;
			files = (
				71C25996274B5D41007B6841 /* LaunchScreen.storyboard in Resources */,
				71C25993274B5D41007B6841 /* Assets.xcassets in Resources */,
				71C25991274B5D40007B6841 /* Main.storyboard in Resources */,
			);
			runOnlyForDeploymentPostprocessing = 0;
		};
/* End PBXResourcesBuildPhase section */

/* Begin PBXSourcesBuildPhase section */
		71C25982274B5D40007B6841 /* Sources */ = {
			isa = PBXSourcesBuildPhase;
			buildActionMask = 2147483647;
			files = (
				71C259A5274B6001007B6841 /* LoginViewController.swift in Sources */,
				71851EAA274E0F7100F9E6CF /* Extensions.swift in Sources */,
				71C259AB274B6106007B6841 /* NewConversationViewController.swift in Sources */,
				71C259A7274B607D007B6841 /* RegisterViewController.swift in Sources */,
				71C2598E274B5D40007B6841 /* ConversationsViewController.swift in Sources */,
				71C2598A274B5D40007B6841 /* AppDelegate.swift in Sources */,
				71C2598C274B5D40007B6841 /* SceneDelegate.swift in Sources */,
				71C259AD274B612B007B6841 /* ProfileViewController.swift in Sources */,
				71C259A9274B60C5007B6841 /* PhotoViewerViewController.swift in Sources */,
			);
			runOnlyForDeploymentPostprocessing = 0;
		};
/* End PBXSourcesBuildPhase section */

/* Begin PBXVariantGroup section */
		71C2598F274B5D40007B6841 /* Main.storyboard */ = {
			isa = PBXVariantGroup;
			children = (
				71C25990274B5D40007B6841 /* Base */,
			);
			name = Main.storyboard;
			sourceTree = "<group>";
		};
		71C25994274B5D41007B6841 /* LaunchScreen.storyboard */ = {
			isa = PBXVariantGroup;
			children = (
				71C25995274B5D41007B6841 /* Base */,
			);
			name = LaunchScreen.storyboard;
			sourceTree = "<group>";
		};
/* End PBXVariantGroup section */

/* Begin XCBuildConfiguration section */
		71C25998274B5D41007B6841 /* Debug */ = {
			isa = XCBuildConfiguration;
			buildSettings = {
				ALWAYS_SEARCH_USER_PATHS = NO;
				CLANG_ANALYZER_NONNULL = YES;
				CLANG_ANALYZER_NUMBER_OBJECT_CONVERSION = YES_AGGRESSIVE;
				CLANG_CXX_LANGUAGE_STANDARD = "gnu++17";
				CLANG_CXX_LIBRARY = "libc++";
				CLANG_ENABLE_MODULES = YES;
				CLANG_ENABLE_OBJC_ARC = YES;
				CLANG_ENABLE_OBJC_WEAK = YES;
				CLANG_WARN_BLOCK_CAPTURE_AUTORELEASING = YES;
				CLANG_WARN_BOOL_CONVERSION = YES;
				CLANG_WARN_COMMA = YES;
				CLANG_WARN_CONSTANT_CONVERSION = YES;
				CLANG_WARN_DEPRECATED_OBJC_IMPLEMENTATIONS = YES;
				CLANG_WARN_DIRECT_OBJC_ISA_USAGE = YES_ERROR;
				CLANG_WARN_DOCUMENTATION_COMMENTS = YES;
				CLANG_WARN_EMPTY_BODY = YES;
				CLANG_WARN_ENUM_CONVERSION = YES;
				CLANG_WARN_INFINITE_RECURSION = YES;
				CLANG_WARN_INT_CONVERSION = YES;
				CLANG_WARN_NON_LITERAL_NULL_CONVERSION = YES;
				CLANG_WARN_OBJC_IMPLICIT_RETAIN_SELF = YES;
				CLANG_WARN_OBJC_LITERAL_CONVERSION = YES;
				CLANG_WARN_OBJC_ROOT_CLASS = YES_ERROR;
				CLANG_WARN_QUOTED_INCLUDE_IN_FRAMEWORK_HEADER = YES;
				CLANG_WARN_RANGE_LOOP_ANALYSIS = YES;
				CLANG_WARN_STRICT_PROTOTYPES = YES;
				CLANG_WARN_SUSPICIOUS_MOVE = YES;
				CLANG_WARN_UNGUARDED_AVAILABILITY = YES_AGGRESSIVE;
				CLANG_WARN_UNREACHABLE_CODE = YES;
				CLANG_WARN__DUPLICATE_METHOD_MATCH = YES;
				COPY_PHASE_STRIP = NO;
				DEBUG_INFORMATION_FORMAT = dwarf;
				ENABLE_STRICT_OBJC_MSGSEND = YES;
				ENABLE_TESTABILITY = YES;
				GCC_C_LANGUAGE_STANDARD = gnu11;
				GCC_DYNAMIC_NO_PIC = NO;
				GCC_NO_COMMON_BLOCKS = YES;
				GCC_OPTIMIZATION_LEVEL = 0;
				GCC_PREPROCESSOR_DEFINITIONS = (
					"DEBUG=1",
					"$(inherited)",
				);
				GCC_WARN_64_TO_32_BIT_CONVERSION = YES;
				GCC_WARN_ABOUT_RETURN_TYPE = YES_ERROR;
				GCC_WARN_UNDECLARED_SELECTOR = YES;
				GCC_WARN_UNINITIALIZED_AUTOS = YES_AGGRESSIVE;
				GCC_WARN_UNUSED_FUNCTION = YES;
				GCC_WARN_UNUSED_VARIABLE = YES;
				IPHONEOS_DEPLOYMENT_TARGET = 15.0;
				MTL_ENABLE_DEBUG_INFO = INCLUDE_SOURCE;
				MTL_FAST_MATH = YES;
				ONLY_ACTIVE_ARCH = YES;
				SDKROOT = iphoneos;
				SWIFT_ACTIVE_COMPILATION_CONDITIONS = DEBUG;
				SWIFT_OPTIMIZATION_LEVEL = "-Onone";
			};
			name = Debug;
		};
		71C25999274B5D41007B6841 /* Release */ = {
			isa = XCBuildConfiguration;
			buildSettings = {
				ALWAYS_SEARCH_USER_PATHS = NO;
				CLANG_ANALYZER_NONNULL = YES;
				CLANG_ANALYZER_NUMBER_OBJECT_CONVERSION = YES_AGGRESSIVE;
				CLANG_CXX_LANGUAGE_STANDARD = "gnu++17";
				CLANG_CXX_LIBRARY = "libc++";
				CLANG_ENABLE_MODULES = YES;
				CLANG_ENABLE_OBJC_ARC = YES;
				CLANG_ENABLE_OBJC_WEAK = YES;
				CLANG_WARN_BLOCK_CAPTURE_AUTORELEASING = YES;
				CLANG_WARN_BOOL_CONVERSION = YES;
				CLANG_WARN_COMMA = YES;
				CLANG_WARN_CONSTANT_CONVERSION = YES;
				CLANG_WARN_DEPRECATED_OBJC_IMPLEMENTATIONS = YES;
				CLANG_WARN_DIRECT_OBJC_ISA_USAGE = YES_ERROR;
				CLANG_WARN_DOCUMENTATION_COMMENTS = YES;
				CLANG_WARN_EMPTY_BODY = YES;
				CLANG_WARN_ENUM_CONVERSION = YES;
				CLANG_WARN_INFINITE_RECURSION = YES;
				CLANG_WARN_INT_CONVERSION = YES;
				CLANG_WARN_NON_LITERAL_NULL_CONVERSION = YES;
				CLANG_WARN_OBJC_IMPLICIT_RETAIN_SELF = YES;
				CLANG_WARN_OBJC_LITERAL_CONVERSION = YES;
				CLANG_WARN_OBJC_ROOT_CLASS = YES_ERROR;
				CLANG_WARN_QUOTED_INCLUDE_IN_FRAMEWORK_HEADER = YES;
				CLANG_WARN_RANGE_LOOP_ANALYSIS = YES;
				CLANG_WARN_STRICT_PROTOTYPES = YES;
				CLANG_WARN_SUSPICIOUS_MOVE = YES;
				CLANG_WARN_UNGUARDED_AVAILABILITY = YES_AGGRESSIVE;
				CLANG_WARN_UNREACHABLE_CODE = YES;
				CLANG_WARN__DUPLICATE_METHOD_MATCH = YES;
				COPY_PHASE_STRIP = NO;
				DEBUG_INFORMATION_FORMAT = "dwarf-with-dsym";
				ENABLE_NS_ASSERTIONS = NO;
				ENABLE_STRICT_OBJC_MSGSEND = YES;
				GCC_C_LANGUAGE_STANDARD = gnu11;
				GCC_NO_COMMON_BLOCKS = YES;
				GCC_WARN_64_TO_32_BIT_CONVERSION = YES;
				GCC_WARN_ABOUT_RETURN_TYPE = YES_ERROR;
				GCC_WARN_UNDECLARED_SELECTOR = YES;
				GCC_WARN_UNINITIALIZED_AUTOS = YES_AGGRESSIVE;
				GCC_WARN_UNUSED_FUNCTION = YES;
				GCC_WARN_UNUSED_VARIABLE = YES;
				IPHONEOS_DEPLOYMENT_TARGET = 15.0;
				MTL_ENABLE_DEBUG_INFO = NO;
				MTL_FAST_MATH = YES;
				SDKROOT = iphoneos;
				SWIFT_COMPILATION_MODE = wholemodule;
				SWIFT_OPTIMIZATION_LEVEL = "-O";
				VALIDATE_PRODUCT = YES;
			};
			name = Release;
		};
		71C2599B274B5D41007B6841 /* Debug */ = {
			isa = XCBuildConfiguration;
			buildSettings = {
				ASSETCATALOG_COMPILER_APPICON_NAME = AppIcon;
				ASSETCATALOG_COMPILER_GLOBAL_ACCENT_COLOR_NAME = AccentColor;
				CODE_SIGN_STYLE = Automatic;
				CURRENT_PROJECT_VERSION = 1;
				GENERATE_INFOPLIST_FILE = YES;
				INFOPLIST_FILE = Messenger/Info.plist;
				INFOPLIST_KEY_UIApplicationSupportsIndirectInputEvents = YES;
				INFOPLIST_KEY_UILaunchStoryboardName = LaunchScreen;
				INFOPLIST_KEY_UIMainStoryboardFile = Main;
				INFOPLIST_KEY_UISupportedInterfaceOrientations = UIInterfaceOrientationPortrait;
				INFOPLIST_KEY_UISupportedInterfaceOrientations_iPad = "UIInterfaceOrientationPortrait UIInterfaceOrientationPortraitUpsideDown UIInterfaceOrientationLandscapeLeft UIInterfaceOrientationLandscapeRight";
				INFOPLIST_KEY_UISupportedInterfaceOrientations_iPhone = "UIInterfaceOrientationPortrait UIInterfaceOrientationLandscapeLeft UIInterfaceOrientationLandscapeRight";
				LD_RUNPATH_SEARCH_PATHS = (
					"$(inherited)",
					"@executable_path/Frameworks",
				);
				MARKETING_VERSION = 1.0;
				PRODUCT_BUNDLE_IDENTIFIER = com.test.Messenger;
				PRODUCT_NAME = "$(TARGET_NAME)";
				SWIFT_EMIT_LOC_STRINGS = YES;
				SWIFT_VERSION = 5.0;
				TARGETED_DEVICE_FAMILY = "1,2";
			};
			name = Debug;
		};
		71C2599C274B5D41007B6841 /* Release */ = {
			isa = XCBuildConfiguration;
			buildSettings = {
				ASSETCATALOG_COMPILER_APPICON_NAME = AppIcon;
				ASSETCATALOG_COMPILER_GLOBAL_ACCENT_COLOR_NAME = AccentColor;
				CODE_SIGN_STYLE = Automatic;
				CURRENT_PROJECT_VERSION = 1;
				GENERATE_INFOPLIST_FILE = YES;
				INFOPLIST_FILE = Messenger/Info.plist;
				INFOPLIST_KEY_UIApplicationSupportsIndirectInputEvents = YES;
				INFOPLIST_KEY_UILaunchStoryboardName = LaunchScreen;
				INFOPLIST_KEY_UIMainStoryboardFile = Main;
				INFOPLIST_KEY_UISupportedInterfaceOrientations = UIInterfaceOrientationPortrait;
				INFOPLIST_KEY_UISupportedInterfaceOrientations_iPad = "UIInterfaceOrientationPortrait UIInterfaceOrientationPortraitUpsideDown UIInterfaceOrientationLandscapeLeft UIInterfaceOrientationLandscapeRight";
				INFOPLIST_KEY_UISupportedInterfaceOrientations_iPhone = "UIInterfaceOrientationPortrait UIInterfaceOrientationLandscapeLeft UIInterfaceOrientationLandscapeRight";
				LD_RUNPATH_SEARCH_PATHS = (
					"$(inherited)",
					"@executable_path/Frameworks",
				);
				MARKETING_VERSION = 1.0;
				PRODUCT_BUNDLE_IDENTIFIER = com.test.Messenger;
				PRODUCT_NAME = "$(TARGET_NAME)";
				SWIFT_EMIT_LOC_STRINGS = YES;
				SWIFT_VERSION = 5.0;
				TARGETED_DEVICE_FAMILY = "1,2";
			};
			name = Release;
		};
/* End XCBuildConfiguration section */

/* Begin XCConfigurationList section */
		71C25981274B5D40007B6841 /* Build configuration list for PBXProject "Messenger" */ = {
			isa = XCConfigurationList;
			buildConfigurations = (
				71C25998274B5D41007B6841 /* Debug */,
				71C25999274B5D41007B6841 /* Release */,
			);
			defaultConfigurationIsVisible = 0;
			defaultConfigurationName = Release;
		};
		71C2599A274B5D41007B6841 /* Build configuration list for PBXNativeTarget "Messenger" */ = {
			isa = XCConfigurationList;
			buildConfigurations = (
				71C2599B274B5D41007B6841 /* Debug */,
				71C2599C274B5D41007B6841 /* Release */,
			);
			defaultConfigurationIsVisible = 0;
			defaultConfigurationName = Release;
		};
/* End XCConfigurationList section */
	};
	rootObject = 71C2597E274B5D40007B6841 /* Project object */;
}
