// !$*UTF8*$!
{
	archiveVersion = 1;
	classes = {
	};
	objectVersion = 50;
	objects = {

/* Begin PBXBuildFile section */
		710A550A26D35C4C008BDF68 /* setFriend.swift in Sources */ = {isa = PBXBuildFile; fileRef = 710A550926D35C4C008BDF68 /* setFriend.swift */; };
		711AFD4626C66D1100643FD9 /* friend.swift in Sources */ = {isa = PBXBuildFile; fileRef = 711AFD4526C66D1100643FD9 /* friend.swift */; };
		7141673926C8ED6100A27502 /* seeMore.swift in Sources */ = {isa = PBXBuildFile; fileRef = 7141673826C8ED6100A27502 /* seeMore.swift */; };
		71C1BC3526D0B06A00B1AB46 /* lab.swift in Sources */ = {isa = PBXBuildFile; fileRef = 71C1BC3426D0B06A00B1AB46 /* lab.swift */; };
		71C1BC4C26D1F0B600B1AB46 /* versionInfo.swift in Sources */ = {isa = PBXBuildFile; fileRef = 71C1BC4B26D1F0B600B1AB46 /* versionInfo.swift */; };
		71C7232D26CA4C8A0024AAAB /* shopping.swift in Sources */ = {isa = PBXBuildFile; fileRef = 71C7232C26CA4C8A0024AAAB /* shopping.swift */; };
		71CFC38326C53292007A21F0 /* AppDelegate.swift in Sources */ = {isa = PBXBuildFile; fileRef = 71CFC38226C53292007A21F0 /* AppDelegate.swift */; };
		71CFC38526C53292007A21F0 /* SceneDelegate.swift in Sources */ = {isa = PBXBuildFile; fileRef = 71CFC38426C53292007A21F0 /* SceneDelegate.swift */; };
		71CFC38A26C53292007A21F0 /* Main.storyboard in Resources */ = {isa = PBXBuildFile; fileRef = 71CFC38826C53292007A21F0 /* Main.storyboard */; };
		71CFC38C26C53293007A21F0 /* Assets.xcassets in Resources */ = {isa = PBXBuildFile; fileRef = 71CFC38B26C53293007A21F0 /* Assets.xcassets */; };
		71CFC38F26C53293007A21F0 /* LaunchScreen.storyboard in Resources */ = {isa = PBXBuildFile; fileRef = 71CFC38D26C53293007A21F0 /* LaunchScreen.storyboard */; };
		71D1650D26CCE33C00F6EFCC /* setting.swift in Sources */ = {isa = PBXBuildFile; fileRef = 71D1650C26CCE33C00F6EFCC /* setting.swift */; };
		71D1652526CE26A200F6EFCC /* notice.swift in Sources */ = {isa = PBXBuildFile; fileRef = 71D1652426CE26A200F6EFCC /* notice.swift */; };
		71DDAB1426CB8C9800E7C023 /* view.swift in Sources */ = {isa = PBXBuildFile; fileRef = 71DDAB1326CB8C9800E7C023 /* view.swift */; };
		71E72A0826C7C3DF009668B6 /* chatting.swift in Sources */ = {isa = PBXBuildFile; fileRef = 71E72A0726C7C3DF009668B6 /* chatting.swift */; };
/* End PBXBuildFile section */

/* Begin PBXFileReference section */
		710A550926D35C4C008BDF68 /* setFriend.swift */ = {isa = PBXFileReference; lastKnownFileType = sourcecode.swift; path = setFriend.swift; sourceTree = "<group>"; };
		711AFD4526C66D1100643FD9 /* friend.swift */ = {isa = PBXFileReference; lastKnownFileType = sourcecode.swift; path = friend.swift; sourceTree = "<group>"; };
		7141673826C8ED6100A27502 /* seeMore.swift */ = {isa = PBXFileReference; lastKnownFileType = sourcecode.swift; path = seeMore.swift; sourceTree = "<group>"; };
		71C1BC3426D0B06A00B1AB46 /* lab.swift */ = {isa = PBXFileReference; lastKnownFileType = sourcecode.swift; path = lab.swift; sourceTree = "<group>"; };
		71C1BC4B26D1F0B600B1AB46 /* versionInfo.swift */ = {isa = PBXFileReference; lastKnownFileType = sourcecode.swift; path = versionInfo.swift; sourceTree = "<group>"; };
		71C7232C26CA4C8A0024AAAB /* shopping.swift */ = {isa = PBXFileReference; lastKnownFileType = sourcecode.swift; path = shopping.swift; sourceTree = "<group>"; };
		71CFC37F26C53292007A21F0 /* KakaoTalk.app */ = {isa = PBXFileReference; explicitFileType = wrapper.application; includeInIndex = 0; path = KakaoTalk.app; sourceTree = BUILT_PRODUCTS_DIR; };
		71CFC38226C53292007A21F0 /* AppDelegate.swift */ = {isa = PBXFileReference; lastKnownFileType = sourcecode.swift; path = AppDelegate.swift; sourceTree = "<group>"; };
		71CFC38426C53292007A21F0 /* SceneDelegate.swift */ = {isa = PBXFileReference; lastKnownFileType = sourcecode.swift; path = SceneDelegate.swift; sourceTree = "<group>"; };
		71CFC38926C53292007A21F0 /* Base */ = {isa = PBXFileReference; lastKnownFileType = file.storyboard; name = Base; path = Base.lproj/Main.storyboard; sourceTree = "<group>"; };
		71CFC38B26C53293007A21F0 /* Assets.xcassets */ = {isa = PBXFileReference; lastKnownFileType = folder.assetcatalog; path = Assets.xcassets; sourceTree = "<group>"; };
		71CFC38E26C53293007A21F0 /* Base */ = {isa = PBXFileReference; lastKnownFileType = file.storyboard; name = Base; path = Base.lproj/LaunchScreen.storyboard; sourceTree = "<group>"; };
		71CFC39026C53293007A21F0 /* Info.plist */ = {isa = PBXFileReference; lastKnownFileType = text.plist.xml; path = Info.plist; sourceTree = "<group>"; };
		71D1650C26CCE33C00F6EFCC /* setting.swift */ = {isa = PBXFileReference; lastKnownFileType = sourcecode.swift; path = setting.swift; sourceTree = "<group>"; };
		71D1652426CE26A200F6EFCC /* notice.swift */ = {isa = PBXFileReference; lastKnownFileType = sourcecode.swift; path = notice.swift; sourceTree = "<group>"; };
		71DDAB1326CB8C9800E7C023 /* view.swift */ = {isa = PBXFileReference; lastKnownFileType = sourcecode.swift; path = view.swift; sourceTree = "<group>"; };
		71E72A0726C7C3DF009668B6 /* chatting.swift */ = {isa = PBXFileReference; lastKnownFileType = sourcecode.swift; path = chatting.swift; sourceTree = "<group>"; };
/* End PBXFileReference section */

/* Begin PBXFrameworksBuildPhase section */
		71CFC37C26C53292007A21F0 /* Frameworks */ = {
			isa = PBXFrameworksBuildPhase;
			buildActionMask = 2147483647;
			files = (
			);
			runOnlyForDeploymentPostprocessing = 0;
		};
/* End PBXFrameworksBuildPhase section */

/* Begin PBXGroup section */
		71C1BC4A26D1F09200B1AB46 /* seeMore */ = {
			isa = PBXGroup;
			children = (
				7141673826C8ED6100A27502 /* seeMore.swift */,
				71D1650C26CCE33C00F6EFCC /* setting.swift */,
				71D1652426CE26A200F6EFCC /* notice.swift */,
				71C1BC3426D0B06A00B1AB46 /* lab.swift */,
				71C1BC4B26D1F0B600B1AB46 /* versionInfo.swift */,
				710A550926D35C4C008BDF68 /* setFriend.swift */,
			);
			path = seeMore;
			sourceTree = "<group>";
		};
		71CFC37626C53292007A21F0 = {
			isa = PBXGroup;
			children = (
				71CFC38126C53292007A21F0 /* KakaoTalk */,
				71CFC38026C53292007A21F0 /* Products */,
			);
			sourceTree = "<group>";
		};
		71CFC38026C53292007A21F0 /* Products */ = {
			isa = PBXGroup;
			children = (
				71CFC37F26C53292007A21F0 /* KakaoTalk.app */,
			);
			name = Products;
			sourceTree = "<group>";
		};
		71CFC38126C53292007A21F0 /* KakaoTalk */ = {
			isa = PBXGroup;
			children = (
				71C1BC4A26D1F09200B1AB46 /* seeMore */,
				71CFC38226C53292007A21F0 /* AppDelegate.swift */,
				71CFC38426C53292007A21F0 /* SceneDelegate.swift */,
				71CFC38826C53292007A21F0 /* Main.storyboard */,
				71CFC38B26C53293007A21F0 /* Assets.xcassets */,
				71CFC38D26C53293007A21F0 /* LaunchScreen.storyboard */,
				71CFC39026C53293007A21F0 /* Info.plist */,
				711AFD4526C66D1100643FD9 /* friend.swift */,
				71E72A0726C7C3DF009668B6 /* chatting.swift */,
				71C7232C26CA4C8A0024AAAB /* shopping.swift */,
				71DDAB1326CB8C9800E7C023 /* view.swift */,
			);
			path = KakaoTalk;
			sourceTree = "<group>";
		};
/* End PBXGroup section */

/* Begin PBXNativeTarget section */
		71CFC37E26C53292007A21F0 /* KakaoTalk */ = {
			isa = PBXNativeTarget;
			buildConfigurationList = 71CFC39326C53293007A21F0 /* Build configuration list for PBXNativeTarget "KakaoTalk" */;
			buildPhases = (
				71CFC37B26C53292007A21F0 /* Sources */,
				71CFC37C26C53292007A21F0 /* Frameworks */,
				71CFC37D26C53292007A21F0 /* Resources */,
			);
			buildRules = (
			);
			dependencies = (
			);
			name = KakaoTalk;
			productName = KakaoTalk;
			productReference = 71CFC37F26C53292007A21F0 /* KakaoTalk.app */;
			productType = "com.apple.product-type.application";
		};
/* End PBXNativeTarget section */

/* Begin PBXProject section */
		71CFC37726C53292007A21F0 /* Project object */ = {
			isa = PBXProject;
			attributes = {
				LastSwiftUpdateCheck = 1250;
				LastUpgradeCheck = 1250;
				TargetAttributes = {
					71CFC37E26C53292007A21F0 = {
						CreatedOnToolsVersion = 12.5.1;
					};
				};
			};
			buildConfigurationList = 71CFC37A26C53292007A21F0 /* Build configuration list for PBXProject "KakaoTalk" */;
			compatibilityVersion = "Xcode 9.3";
			developmentRegion = en;
			hasScannedForEncodings = 0;
			knownRegions = (
				en,
				Base,
			);
			mainGroup = 71CFC37626C53292007A21F0;
			productRefGroup = 71CFC38026C53292007A21F0 /* Products */;
			projectDirPath = "";
			projectRoot = "";
			targets = (
				71CFC37E26C53292007A21F0 /* KakaoTalk */,
			);
		};
/* End PBXProject section */

/* Begin PBXResourcesBuildPhase section */
		71CFC37D26C53292007A21F0 /* Resources */ = {
			isa = PBXResourcesBuildPhase;
			buildActionMask = 2147483647;
			files = (
				71CFC38F26C53293007A21F0 /* LaunchScreen.storyboard in Resources */,
				71CFC38C26C53293007A21F0 /* Assets.xcassets in Resources */,
				71CFC38A26C53292007A21F0 /* Main.storyboard in Resources */,
			);
			runOnlyForDeploymentPostprocessing = 0;
		};
/* End PBXResourcesBuildPhase section */

/* Begin PBXSourcesBuildPhase section */
		71CFC37B26C53292007A21F0 /* Sources */ = {
			isa = PBXSourcesBuildPhase;
			buildActionMask = 2147483647;
			files = (
				711AFD4626C66D1100643FD9 /* friend.swift in Sources */,
				71C1BC3526D0B06A00B1AB46 /* lab.swift in Sources */,
				710A550A26D35C4C008BDF68 /* setFriend.swift in Sources */,
				71C1BC4C26D1F0B600B1AB46 /* versionInfo.swift in Sources */,
				71C7232D26CA4C8A0024AAAB /* shopping.swift in Sources */,
				71CFC38326C53292007A21F0 /* AppDelegate.swift in Sources */,
				71D1652526CE26A200F6EFCC /* notice.swift in Sources */,
				7141673926C8ED6100A27502 /* seeMore.swift in Sources */,
				71CFC38526C53292007A21F0 /* SceneDelegate.swift in Sources */,
				71DDAB1426CB8C9800E7C023 /* view.swift in Sources */,
				71D1650D26CCE33C00F6EFCC /* setting.swift in Sources */,
				71E72A0826C7C3DF009668B6 /* chatting.swift in Sources */,
			);
			runOnlyForDeploymentPostprocessing = 0;
		};
/* End PBXSourcesBuildPhase section */

/* Begin PBXVariantGroup section */
		71CFC38826C53292007A21F0 /* Main.storyboard */ = {
			isa = PBXVariantGroup;
			children = (
				71CFC38926C53292007A21F0 /* Base */,
			);
			name = Main.storyboard;
			sourceTree = "<group>";
		};
		71CFC38D26C53293007A21F0 /* LaunchScreen.storyboard */ = {
			isa = PBXVariantGroup;
			children = (
				71CFC38E26C53293007A21F0 /* Base */,
			);
			name = LaunchScreen.storyboard;
			sourceTree = "<group>";
		};
/* End PBXVariantGroup section */

/* Begin XCBuildConfiguration section */
		71CFC39126C53293007A21F0 /* Debug */ = {
			isa = XCBuildConfiguration;
			buildSettings = {
				ALWAYS_SEARCH_USER_PATHS = NO;
				CLANG_ANALYZER_NONNULL = YES;
				CLANG_ANALYZER_NUMBER_OBJECT_CONVERSION = YES_AGGRESSIVE;
				CLANG_CXX_LANGUAGE_STANDARD = "gnu++14";
				CLANG_CXX_LIBRARY = "libc++";
				CLANG_ENABLE_MODULES = YES;
				CLANG_ENABLE_OBJC_ARC = YES;
				CLANG_ENABLE_OBJC_WEAK = YES;
				CLANG_WARN_BLOCK_CAPTURE_AUTORELEASING = YES;
				CLANG_WARN_BOOL_CONVERSION = YES;
				CLANG_WARN_COMMA = YES;
				CLANG_WARN_CONSTANT_CONVERSION = YES;
				CLANG_WARN_DEPRECATED_OBJC_IMPLEMENTATIONS = YES;
				CLANG_WARN_DIRECT_OBJC_ISA_USAGE = YES_ERROR;
				CLANG_WARN_DOCUMENTATION_COMMENTS = YES;
				CLANG_WARN_EMPTY_BODY = YES;
				CLANG_WARN_ENUM_CONVERSION = YES;
				CLANG_WARN_INFINITE_RECURSION = YES;
				CLANG_WARN_INT_CONVERSION = YES;
				CLANG_WARN_NON_LITERAL_NULL_CONVERSION = YES;
				CLANG_WARN_OBJC_IMPLICIT_RETAIN_SELF = YES;
				CLANG_WARN_OBJC_LITERAL_CONVERSION = YES;
				CLANG_WARN_OBJC_ROOT_CLASS = YES_ERROR;
				CLANG_WARN_QUOTED_INCLUDE_IN_FRAMEWORK_HEADER = YES;
				CLANG_WARN_RANGE_LOOP_ANALYSIS = YES;
				CLANG_WARN_STRICT_PROTOTYPES = YES;
				CLANG_WARN_SUSPICIOUS_MOVE = YES;
				CLANG_WARN_UNGUARDED_AVAILABILITY = YES_AGGRESSIVE;
				CLANG_WARN_UNREACHABLE_CODE = YES;
				CLANG_WARN__DUPLICATE_METHOD_MATCH = YES;
				COPY_PHASE_STRIP = NO;
				DEBUG_INFORMATION_FORMAT = dwarf;
				ENABLE_STRICT_OBJC_MSGSEND = YES;
				ENABLE_TESTABILITY = YES;
				GCC_C_LANGUAGE_STANDARD = gnu11;
				GCC_DYNAMIC_NO_PIC = NO;
				GCC_NO_COMMON_BLOCKS = YES;
				GCC_OPTIMIZATION_LEVEL = 0;
				GCC_PREPROCESSOR_DEFINITIONS = (
					"DEBUG=1",
					"$(inherited)",
				);
				GCC_WARN_64_TO_32_BIT_CONVERSION = YES;
				GCC_WARN_ABOUT_RETURN_TYPE = YES_ERROR;
				GCC_WARN_UNDECLARED_SELECTOR = YES;
				GCC_WARN_UNINITIALIZED_AUTOS = YES_AGGRESSIVE;
				GCC_WARN_UNUSED_FUNCTION = YES;
				GCC_WARN_UNUSED_VARIABLE = YES;
				IPHONEOS_DEPLOYMENT_TARGET = 14.5;
				MTL_ENABLE_DEBUG_INFO = INCLUDE_SOURCE;
				MTL_FAST_MATH = YES;
				ONLY_ACTIVE_ARCH = YES;
				SDKROOT = iphoneos;
				SWIFT_ACTIVE_COMPILATION_CONDITIONS = DEBUG;
				SWIFT_OPTIMIZATION_LEVEL = "-Onone";
			};
			name = Debug;
		};
		71CFC39226C53293007A21F0 /* Release */ = {
			isa = XCBuildConfiguration;
			buildSettings = {
				ALWAYS_SEARCH_USER_PATHS = NO;
				CLANG_ANALYZER_NONNULL = YES;
				CLANG_ANALYZER_NUMBER_OBJECT_CONVERSION = YES_AGGRESSIVE;
				CLANG_CXX_LANGUAGE_STANDARD = "gnu++14";
				CLANG_CXX_LIBRARY = "libc++";
				CLANG_ENABLE_MODULES = YES;
				CLANG_ENABLE_OBJC_ARC = YES;
				CLANG_ENABLE_OBJC_WEAK = YES;
				CLANG_WARN_BLOCK_CAPTURE_AUTORELEASING = YES;
				CLANG_WARN_BOOL_CONVERSION = YES;
				CLANG_WARN_COMMA = YES;
				CLANG_WARN_CONSTANT_CONVERSION = YES;
				CLANG_WARN_DEPRECATED_OBJC_IMPLEMENTATIONS = YES;
				CLANG_WARN_DIRECT_OBJC_ISA_USAGE = YES_ERROR;
				CLANG_WARN_DOCUMENTATION_COMMENTS = YES;
				CLANG_WARN_EMPTY_BODY = YES;
				CLANG_WARN_ENUM_CONVERSION = YES;
				CLANG_WARN_INFINITE_RECURSION = YES;
				CLANG_WARN_INT_CONVERSION = YES;
				CLANG_WARN_NON_LITERAL_NULL_CONVERSION = YES;
				CLANG_WARN_OBJC_IMPLICIT_RETAIN_SELF = YES;
				CLANG_WARN_OBJC_LITERAL_CONVERSION = YES;
				CLANG_WARN_OBJC_ROOT_CLASS = YES_ERROR;
				CLANG_WARN_QUOTED_INCLUDE_IN_FRAMEWORK_HEADER = YES;
				CLANG_WARN_RANGE_LOOP_ANALYSIS = YES;
				CLANG_WARN_STRICT_PROTOTYPES = YES;
				CLANG_WARN_SUSPICIOUS_MOVE = YES;
				CLANG_WARN_UNGUARDED_AVAILABILITY = YES_AGGRESSIVE;
				CLANG_WARN_UNREACHABLE_CODE = YES;
				CLANG_WARN__DUPLICATE_METHOD_MATCH = YES;
				COPY_PHASE_STRIP = NO;
				DEBUG_INFORMATION_FORMAT = "dwarf-with-dsym";
				ENABLE_NS_ASSERTIONS = NO;
				ENABLE_STRICT_OBJC_MSGSEND = YES;
				GCC_C_LANGUAGE_STANDARD = gnu11;
				GCC_NO_COMMON_BLOCKS = YES;
				GCC_WARN_64_TO_32_BIT_CONVERSION = YES;
				GCC_WARN_ABOUT_RETURN_TYPE = YES_ERROR;
				GCC_WARN_UNDECLARED_SELECTOR = YES;
				GCC_WARN_UNINITIALIZED_AUTOS = YES_AGGRESSIVE;
				GCC_WARN_UNUSED_FUNCTION = YES;
				GCC_WARN_UNUSED_VARIABLE = YES;
				IPHONEOS_DEPLOYMENT_TARGET = 14.5;
				MTL_ENABLE_DEBUG_INFO = NO;
				MTL_FAST_MATH = YES;
				SDKROOT = iphoneos;
				SWIFT_COMPILATION_MODE = wholemodule;
				SWIFT_OPTIMIZATION_LEVEL = "-O";
				VALIDATE_PRODUCT = YES;
			};
			name = Release;
		};
		71CFC39426C53293007A21F0 /* Debug */ = {
			isa = XCBuildConfiguration;
			buildSettings = {
				ASSETCATALOG_COMPILER_APPICON_NAME = AppIcon;
				ASSETCATALOG_COMPILER_GLOBAL_ACCENT_COLOR_NAME = AccentColor;
				CODE_SIGN_STYLE = Automatic;
				DEVELOPMENT_TEAM = H8AWFKL48X;
				INFOPLIST_FILE = KakaoTalk/Info.plist;
				LD_RUNPATH_SEARCH_PATHS = (
					"$(inherited)",
					"@executable_path/Frameworks",
				);
				PRODUCT_BUNDLE_IDENTIFIER = net.daum.KakaoTalk;
				PRODUCT_NAME = "$(TARGET_NAME)";
				SWIFT_VERSION = 5.0;
				TARGETED_DEVICE_FAMILY = "1,2";
			};
			name = Debug;
		};
		71CFC39526C53293007A21F0 /* Release */ = {
			isa = XCBuildConfiguration;
			buildSettings = {
				ASSETCATALOG_COMPILER_APPICON_NAME = AppIcon;
				ASSETCATALOG_COMPILER_GLOBAL_ACCENT_COLOR_NAME = AccentColor;
				CODE_SIGN_STYLE = Automatic;
				DEVELOPMENT_TEAM = H8AWFKL48X;
				INFOPLIST_FILE = KakaoTalk/Info.plist;
				LD_RUNPATH_SEARCH_PATHS = (
					"$(inherited)",
					"@executable_path/Frameworks",
				);
				PRODUCT_BUNDLE_IDENTIFIER = net.daum.KakaoTalk;
				PRODUCT_NAME = "$(TARGET_NAME)";
				SWIFT_VERSION = 5.0;
				TARGETED_DEVICE_FAMILY = "1,2";
			};
			name = Release;
		};
/* End XCBuildConfiguration section */

/* Begin XCConfigurationList section */
		71CFC37A26C53292007A21F0 /* Build configuration list for PBXProject "KakaoTalk" */ = {
			isa = XCConfigurationList;
			buildConfigurations = (
				71CFC39126C53293007A21F0 /* Debug */,
				71CFC39226C53293007A21F0 /* Release */,
			);
			defaultConfigurationIsVisible = 0;
			defaultConfigurationName = Release;
		};
		71CFC39326C53293007A21F0 /* Build configuration list for PBXNativeTarget "KakaoTalk" */ = {
			isa = XCConfigurationList;
			buildConfigurations = (
				71CFC39426C53293007A21F0 /* Debug */,
				71CFC39526C53293007A21F0 /* Release */,
			);
			defaultConfigurationIsVisible = 0;
			defaultConfigurationName = Release;
		};
/* End XCConfigurationList section */
	};
	rootObject = 71CFC37726C53292007A21F0 /* Project object */;
}
